// !$*UTF8*$!
{
	archiveVersion = 1;
	classes = {
	};
	objectVersion = 48;
	objects = {

/* Begin PBXBuildFile section */
		6EB1FA20202029AF003BD4AD /* FormValidator.swift in Sources */ = {isa = PBXBuildFile; fileRef = 6EB1FA1F202029AF003BD4AD /* FormValidator.swift */; };
		6EB1FA222020309D003BD4AD /* AlertManager.swift in Sources */ = {isa = PBXBuildFile; fileRef = 6EB1FA212020309D003BD4AD /* AlertManager.swift */; };
		6EB1FA24202030EC003BD4AD /* Modal.swift in Sources */ = {isa = PBXBuildFile; fileRef = 6EB1FA23202030EC003BD4AD /* Modal.swift */; };
		6EB1FA2820203210003BD4AD /* Localizable.strings in Resources */ = {isa = PBXBuildFile; fileRef = 6EB1FA2720203210003BD4AD /* Localizable.strings */; };
		6EB1FA2B2020337D003BD4AD /* UIViewController+ModalAlert.swift in Sources */ = {isa = PBXBuildFile; fileRef = 6EB1FA2A2020337D003BD4AD /* UIViewController+ModalAlert.swift */; };
		6EB1FA2D202044D8003BD4AD /* DefaultsKeys+AppKeys.swift in Sources */ = {isa = PBXBuildFile; fileRef = 6EB1FA2C202044D8003BD4AD /* DefaultsKeys+AppKeys.swift */; };
		6EB1FA2F202049DA003BD4AD /* UIView+InspecatbleBorders.swift in Sources */ = {isa = PBXBuildFile; fileRef = 6EB1FA2E202049DA003BD4AD /* UIView+InspecatbleBorders.swift */; };
		7214A8402023DB34004360FD /* Date+Format.swift in Sources */ = {isa = PBXBuildFile; fileRef = 7214A83F2023DB34004360FD /* Date+Format.swift */; };
		72B25038201F90370058DA8C /* AppDelegate.swift in Sources */ = {isa = PBXBuildFile; fileRef = 72B25037201F90370058DA8C /* AppDelegate.swift */; };
		72B2503D201F90370058DA8C /* Main.storyboard in Resources */ = {isa = PBXBuildFile; fileRef = 72B2503B201F90370058DA8C /* Main.storyboard */; };
		72B2503F201F90370058DA8C /* Assets.xcassets in Resources */ = {isa = PBXBuildFile; fileRef = 72B2503E201F90370058DA8C /* Assets.xcassets */; };
		72B25042201F90370058DA8C /* LaunchScreen.storyboard in Resources */ = {isa = PBXBuildFile; fileRef = 72B25040201F90370058DA8C /* LaunchScreen.storyboard */; };
		72B2504D201F90380058DA8C /* NyTimesMoviesTests.swift in Sources */ = {isa = PBXBuildFile; fileRef = 72B2504C201F90380058DA8C /* NyTimesMoviesTests.swift */; };
		72B25058201F90380058DA8C /* NyTimesMoviesUITests.swift in Sources */ = {isa = PBXBuildFile; fileRef = 72B25057201F90380058DA8C /* NyTimesMoviesUITests.swift */; };
		72B2506D201F96810058DA8C /* MovieReviewCell.xib in Resources */ = {isa = PBXBuildFile; fileRef = 72B2506C201F96810058DA8C /* MovieReviewCell.xib */; };
		72B2506F201F9C170058DA8C /* Review.storyboard in Resources */ = {isa = PBXBuildFile; fileRef = 72B2506E201F9C160058DA8C /* Review.storyboard */; };
		72B25071201F9C230058DA8C /* Profile.storyboard in Resources */ = {isa = PBXBuildFile; fileRef = 72B25070201F9C230058DA8C /* Profile.storyboard */; };
		72B25074201F9DB20058DA8C /* ApiManager.swift in Sources */ = {isa = PBXBuildFile; fileRef = 72B25073201F9DB20058DA8C /* ApiManager.swift */; };
		72B25077201F9DD10058DA8C /* ReviewService.swift in Sources */ = {isa = PBXBuildFile; fileRef = 72B25076201F9DD10058DA8C /* ReviewService.swift */; };
		72B25079201FB3CC0058DA8C /* MovieReview.swift in Sources */ = {isa = PBXBuildFile; fileRef = 72B25078201FB3CC0058DA8C /* MovieReview.swift */; };
		72B2507B201FB6400058DA8C /* ReviewViewModel.swift in Sources */ = {isa = PBXBuildFile; fileRef = 72B2507A201FB6400058DA8C /* ReviewViewModel.swift */; };
		72B2507D201FBACE0058DA8C /* ParametersSerializer.swift in Sources */ = {isa = PBXBuildFile; fileRef = 72B2507C201FBACE0058DA8C /* ParametersSerializer.swift */; };
		72B25082201FC5AE0058DA8C /* MovieReviewsViewController.swift in Sources */ = {isa = PBXBuildFile; fileRef = 72B25081201FC5AE0058DA8C /* MovieReviewsViewController.swift */; };
		72B25084201FC5D00058DA8C /* MovieDetailsViewController.swift in Sources */ = {isa = PBXBuildFile; fileRef = 72B25083201FC5D00058DA8C /* MovieDetailsViewController.swift */; };
		72B25086201FC5FB0058DA8C /* MoviewReviewCell.swift in Sources */ = {isa = PBXBuildFile; fileRef = 72B25085201FC5FB0058DA8C /* MoviewReviewCell.swift */; };
		72B25088201FC6100058DA8C /* LoginViewController.swift in Sources */ = {isa = PBXBuildFile; fileRef = 72B25087201FC6100058DA8C /* LoginViewController.swift */; };
		72B2508A201FC61B0058DA8C /* ProfileViewController.swift in Sources */ = {isa = PBXBuildFile; fileRef = 72B25089201FC61B0058DA8C /* ProfileViewController.swift */; };
		72B2508F201FEF2E0058DA8C /* GoogleService-Info.plist in Resources */ = {isa = PBXBuildFile; fileRef = 72B2508E201FEF2E0058DA8C /* GoogleService-Info.plist */; };
		72B25091201FF5110058DA8C /* LoginManager.swift in Sources */ = {isa = PBXBuildFile; fileRef = 72B25090201FF5110058DA8C /* LoginManager.swift */; };
		72B25093202121B50058DA8C /* CustomError.swift in Sources */ = {isa = PBXBuildFile; fileRef = 72B25092202121B50058DA8C /* CustomError.swift */; };
		72B250952021380E0058DA8C /* DateManager.swift in Sources */ = {isa = PBXBuildFile; fileRef = 72B250942021380E0058DA8C /* DateManager.swift */; };
		72B25097202142350058DA8C /* String+Validation.swift in Sources */ = {isa = PBXBuildFile; fileRef = 72B25096202142350058DA8C /* String+Validation.swift */; };
		ACB8B0A02A1A2085C2A58CDA /* Pods_NyTimesMoviesUITests.framework in Frameworks */ = {isa = PBXBuildFile; fileRef = B731EAF47645372F2887EAC7 /* Pods_NyTimesMoviesUITests.framework */; };
		D5A722251B38C22BDDF02DD8 /* Pods_NyTimesMovies.framework in Frameworks */ = {isa = PBXBuildFile; fileRef = 6F2EE78B3663106BAAD5DBE0 /* Pods_NyTimesMovies.framework */; };
		F0EFFF6A6A21303FEE3A14F7 /* Pods_NyTimesMoviesTests.framework in Frameworks */ = {isa = PBXBuildFile; fileRef = 8EE5901DD7D3ADEF40C3968D /* Pods_NyTimesMoviesTests.framework */; };
/* End PBXBuildFile section */

/* Begin PBXContainerItemProxy section */
		72B25049201F90380058DA8C /* PBXContainerItemProxy */ = {
			isa = PBXContainerItemProxy;
			containerPortal = 72B2502C201F90370058DA8C /* Project object */;
			proxyType = 1;
			remoteGlobalIDString = 72B25033201F90370058DA8C;
			remoteInfo = NyTimesMovies;
		};
		72B25054201F90380058DA8C /* PBXContainerItemProxy */ = {
			isa = PBXContainerItemProxy;
			containerPortal = 72B2502C201F90370058DA8C /* Project object */;
			proxyType = 1;
			remoteGlobalIDString = 72B25033201F90370058DA8C;
			remoteInfo = NyTimesMovies;
		};
/* End PBXContainerItemProxy section */

/* Begin PBXFileReference section */
		34FDF23653DD7862B05C437E /* Pods-NyTimesMovies.debug.xcconfig */ = {isa = PBXFileReference; includeInIndex = 1; lastKnownFileType = text.xcconfig; name = "Pods-NyTimesMovies.debug.xcconfig"; path = "Pods/Target Support Files/Pods-NyTimesMovies/Pods-NyTimesMovies.debug.xcconfig"; sourceTree = "<group>"; };
		495D7B83161A9A6216A20060 /* Pods-NyTimesMovies.release.xcconfig */ = {isa = PBXFileReference; includeInIndex = 1; lastKnownFileType = text.xcconfig; name = "Pods-NyTimesMovies.release.xcconfig"; path = "Pods/Target Support Files/Pods-NyTimesMovies/Pods-NyTimesMovies.release.xcconfig"; sourceTree = "<group>"; };
		6EB1FA1F202029AF003BD4AD /* FormValidator.swift */ = {isa = PBXFileReference; lastKnownFileType = sourcecode.swift; path = FormValidator.swift; sourceTree = "<group>"; };
		6EB1FA212020309D003BD4AD /* AlertManager.swift */ = {isa = PBXFileReference; lastKnownFileType = sourcecode.swift; path = AlertManager.swift; sourceTree = "<group>"; };
		6EB1FA23202030EC003BD4AD /* Modal.swift */ = {isa = PBXFileReference; lastKnownFileType = sourcecode.swift; path = Modal.swift; sourceTree = "<group>"; };
		6EB1FA2720203210003BD4AD /* Localizable.strings */ = {isa = PBXFileReference; lastKnownFileType = text.plist.strings; path = Localizable.strings; sourceTree = "<group>"; };
		6EB1FA2A2020337D003BD4AD /* UIViewController+ModalAlert.swift */ = {isa = PBXFileReference; lastKnownFileType = sourcecode.swift; path = "UIViewController+ModalAlert.swift"; sourceTree = "<group>"; };
		6EB1FA2C202044D8003BD4AD /* DefaultsKeys+AppKeys.swift */ = {isa = PBXFileReference; lastKnownFileType = sourcecode.swift; path = "DefaultsKeys+AppKeys.swift"; sourceTree = "<group>"; };
		6EB1FA2E202049DA003BD4AD /* UIView+InspecatbleBorders.swift */ = {isa = PBXFileReference; lastKnownFileType = sourcecode.swift; path = "UIView+InspecatbleBorders.swift"; sourceTree = "<group>"; };
		6F2EE78B3663106BAAD5DBE0 /* Pods_NyTimesMovies.framework */ = {isa = PBXFileReference; explicitFileType = wrapper.framework; includeInIndex = 0; path = Pods_NyTimesMovies.framework; sourceTree = BUILT_PRODUCTS_DIR; };
		7214A83F2023DB34004360FD /* Date+Format.swift */ = {isa = PBXFileReference; lastKnownFileType = sourcecode.swift; path = "Date+Format.swift"; sourceTree = "<group>"; };
		72B25034201F90370058DA8C /* NyTimesMovies.app */ = {isa = PBXFileReference; explicitFileType = wrapper.application; includeInIndex = 0; path = NyTimesMovies.app; sourceTree = BUILT_PRODUCTS_DIR; };
		72B25037201F90370058DA8C /* AppDelegate.swift */ = {isa = PBXFileReference; lastKnownFileType = sourcecode.swift; path = AppDelegate.swift; sourceTree = "<group>"; };
		72B2503C201F90370058DA8C /* Base */ = {isa = PBXFileReference; lastKnownFileType = file.storyboard; name = Base; path = Base.lproj/Main.storyboard; sourceTree = "<group>"; };
		72B2503E201F90370058DA8C /* Assets.xcassets */ = {isa = PBXFileReference; lastKnownFileType = folder.assetcatalog; path = Assets.xcassets; sourceTree = "<group>"; };
		72B25041201F90370058DA8C /* Base */ = {isa = PBXFileReference; lastKnownFileType = file.storyboard; name = Base; path = Base.lproj/LaunchScreen.storyboard; sourceTree = "<group>"; };
		72B25043201F90370058DA8C /* Info.plist */ = {isa = PBXFileReference; lastKnownFileType = text.plist.xml; path = Info.plist; sourceTree = "<group>"; };
		72B25048201F90380058DA8C /* NyTimesMoviesTests.xctest */ = {isa = PBXFileReference; explicitFileType = wrapper.cfbundle; includeInIndex = 0; path = NyTimesMoviesTests.xctest; sourceTree = BUILT_PRODUCTS_DIR; };
		72B2504C201F90380058DA8C /* NyTimesMoviesTests.swift */ = {isa = PBXFileReference; lastKnownFileType = sourcecode.swift; path = NyTimesMoviesTests.swift; sourceTree = "<group>"; };
		72B2504E201F90380058DA8C /* Info.plist */ = {isa = PBXFileReference; lastKnownFileType = text.plist.xml; path = Info.plist; sourceTree = "<group>"; };
		72B25053201F90380058DA8C /* NyTimesMoviesUITests.xctest */ = {isa = PBXFileReference; explicitFileType = wrapper.cfbundle; includeInIndex = 0; path = NyTimesMoviesUITests.xctest; sourceTree = BUILT_PRODUCTS_DIR; };
		72B25057201F90380058DA8C /* NyTimesMoviesUITests.swift */ = {isa = PBXFileReference; lastKnownFileType = sourcecode.swift; path = NyTimesMoviesUITests.swift; sourceTree = "<group>"; };
		72B25059201F90380058DA8C /* Info.plist */ = {isa = PBXFileReference; lastKnownFileType = text.plist.xml; path = Info.plist; sourceTree = "<group>"; };
		72B2506C201F96810058DA8C /* MovieReviewCell.xib */ = {isa = PBXFileReference; lastKnownFileType = file.xib; path = MovieReviewCell.xib; sourceTree = "<group>"; };
		72B2506E201F9C160058DA8C /* Review.storyboard */ = {isa = PBXFileReference; lastKnownFileType = file.storyboard; path = Review.storyboard; sourceTree = "<group>"; };
		72B25070201F9C230058DA8C /* Profile.storyboard */ = {isa = PBXFileReference; lastKnownFileType = file.storyboard; path = Profile.storyboard; sourceTree = "<group>"; };
		72B25073201F9DB20058DA8C /* ApiManager.swift */ = {isa = PBXFileReference; lastKnownFileType = sourcecode.swift; path = ApiManager.swift; sourceTree = "<group>"; };
		72B25076201F9DD10058DA8C /* ReviewService.swift */ = {isa = PBXFileReference; lastKnownFileType = sourcecode.swift; path = ReviewService.swift; sourceTree = "<group>"; };
		72B25078201FB3CC0058DA8C /* MovieReview.swift */ = {isa = PBXFileReference; lastKnownFileType = sourcecode.swift; path = MovieReview.swift; sourceTree = "<group>"; };
		72B2507A201FB6400058DA8C /* ReviewViewModel.swift */ = {isa = PBXFileReference; lastKnownFileType = sourcecode.swift; path = ReviewViewModel.swift; sourceTree = "<group>"; };
		72B2507C201FBACE0058DA8C /* ParametersSerializer.swift */ = {isa = PBXFileReference; lastKnownFileType = sourcecode.swift; path = ParametersSerializer.swift; sourceTree = "<group>"; };
		72B25081201FC5AE0058DA8C /* MovieReviewsViewController.swift */ = {isa = PBXFileReference; lastKnownFileType = sourcecode.swift; path = MovieReviewsViewController.swift; sourceTree = "<group>"; };
		72B25083201FC5D00058DA8C /* MovieDetailsViewController.swift */ = {isa = PBXFileReference; lastKnownFileType = sourcecode.swift; path = MovieDetailsViewController.swift; sourceTree = "<group>"; };
		72B25085201FC5FB0058DA8C /* MoviewReviewCell.swift */ = {isa = PBXFileReference; lastKnownFileType = sourcecode.swift; path = MoviewReviewCell.swift; sourceTree = "<group>"; };
		72B25087201FC6100058DA8C /* LoginViewController.swift */ = {isa = PBXFileReference; lastKnownFileType = sourcecode.swift; path = LoginViewController.swift; sourceTree = "<group>"; };
		72B25089201FC61B0058DA8C /* ProfileViewController.swift */ = {isa = PBXFileReference; lastKnownFileType = sourcecode.swift; path = ProfileViewController.swift; sourceTree = "<group>"; };
		72B2508D201FE2070058DA8C /* Reviews-Bridging-Header.h */ = {isa = PBXFileReference; lastKnownFileType = sourcecode.c.h; path = "Reviews-Bridging-Header.h"; sourceTree = "<group>"; };
		72B2508E201FEF2E0058DA8C /* GoogleService-Info.plist */ = {isa = PBXFileReference; fileEncoding = 4; lastKnownFileType = text.plist.xml; path = "GoogleService-Info.plist"; sourceTree = "<group>"; };
		72B25090201FF5110058DA8C /* LoginManager.swift */ = {isa = PBXFileReference; lastKnownFileType = sourcecode.swift; path = LoginManager.swift; sourceTree = "<group>"; };
		72B25092202121B50058DA8C /* CustomError.swift */ = {isa = PBXFileReference; lastKnownFileType = sourcecode.swift; path = CustomError.swift; sourceTree = "<group>"; };
		72B250942021380E0058DA8C /* DateManager.swift */ = {isa = PBXFileReference; lastKnownFileType = sourcecode.swift; path = DateManager.swift; sourceTree = "<group>"; };
		72B25096202142350058DA8C /* String+Validation.swift */ = {isa = PBXFileReference; lastKnownFileType = sourcecode.swift; path = "String+Validation.swift"; sourceTree = "<group>"; };
		787FF486358F57563535AADC /* Pods-NyTimesMoviesUITests.debug.xcconfig */ = {isa = PBXFileReference; includeInIndex = 1; lastKnownFileType = text.xcconfig; name = "Pods-NyTimesMoviesUITests.debug.xcconfig"; path = "Pods/Target Support Files/Pods-NyTimesMoviesUITests/Pods-NyTimesMoviesUITests.debug.xcconfig"; sourceTree = "<group>"; };
		8EE5901DD7D3ADEF40C3968D /* Pods_NyTimesMoviesTests.framework */ = {isa = PBXFileReference; explicitFileType = wrapper.framework; includeInIndex = 0; path = Pods_NyTimesMoviesTests.framework; sourceTree = BUILT_PRODUCTS_DIR; };
		A73D42F60078BC987BF50A7E /* Pods-NyTimesMoviesTests.release.xcconfig */ = {isa = PBXFileReference; includeInIndex = 1; lastKnownFileType = text.xcconfig; name = "Pods-NyTimesMoviesTests.release.xcconfig"; path = "Pods/Target Support Files/Pods-NyTimesMoviesTests/Pods-NyTimesMoviesTests.release.xcconfig"; sourceTree = "<group>"; };
		B731EAF47645372F2887EAC7 /* Pods_NyTimesMoviesUITests.framework */ = {isa = PBXFileReference; explicitFileType = wrapper.framework; includeInIndex = 0; path = Pods_NyTimesMoviesUITests.framework; sourceTree = BUILT_PRODUCTS_DIR; };
		B949DEB117416A05D765BBD8 /* Pods-NyTimesMoviesUITests.release.xcconfig */ = {isa = PBXFileReference; includeInIndex = 1; lastKnownFileType = text.xcconfig; name = "Pods-NyTimesMoviesUITests.release.xcconfig"; path = "Pods/Target Support Files/Pods-NyTimesMoviesUITests/Pods-NyTimesMoviesUITests.release.xcconfig"; sourceTree = "<group>"; };
		DEA88E2308FCE7343991B446 /* Pods-NyTimesMoviesTests.debug.xcconfig */ = {isa = PBXFileReference; includeInIndex = 1; lastKnownFileType = text.xcconfig; name = "Pods-NyTimesMoviesTests.debug.xcconfig"; path = "Pods/Target Support Files/Pods-NyTimesMoviesTests/Pods-NyTimesMoviesTests.debug.xcconfig"; sourceTree = "<group>"; };
/* End PBXFileReference section */

/* Begin PBXFrameworksBuildPhase section */
		72B25031201F90370058DA8C /* Frameworks */ = {
			isa = PBXFrameworksBuildPhase;
			buildActionMask = 2147483647;
			files = (
				D5A722251B38C22BDDF02DD8 /* Pods_NyTimesMovies.framework in Frameworks */,
			);
			runOnlyForDeploymentPostprocessing = 0;
		};
		72B25045201F90380058DA8C /* Frameworks */ = {
			isa = PBXFrameworksBuildPhase;
			buildActionMask = 2147483647;
			files = (
				F0EFFF6A6A21303FEE3A14F7 /* Pods_NyTimesMoviesTests.framework in Frameworks */,
			);
			runOnlyForDeploymentPostprocessing = 0;
		};
		72B25050201F90380058DA8C /* Frameworks */ = {
			isa = PBXFrameworksBuildPhase;
			buildActionMask = 2147483647;
			files = (
				ACB8B0A02A1A2085C2A58CDA /* Pods_NyTimesMoviesUITests.framework in Frameworks */,
			);
			runOnlyForDeploymentPostprocessing = 0;
		};
/* End PBXFrameworksBuildPhase section */

/* Begin PBXGroup section */
		2D5C77765973B5C633539736 /* Pods */ = {
			isa = PBXGroup;
			children = (
				34FDF23653DD7862B05C437E /* Pods-NyTimesMovies.debug.xcconfig */,
				495D7B83161A9A6216A20060 /* Pods-NyTimesMovies.release.xcconfig */,
				DEA88E2308FCE7343991B446 /* Pods-NyTimesMoviesTests.debug.xcconfig */,
				A73D42F60078BC987BF50A7E /* Pods-NyTimesMoviesTests.release.xcconfig */,
				787FF486358F57563535AADC /* Pods-NyTimesMoviesUITests.debug.xcconfig */,
				B949DEB117416A05D765BBD8 /* Pods-NyTimesMoviesUITests.release.xcconfig */,
			);
			name = Pods;
			sourceTree = "<group>";
		};
		6EB1FA26202031E4003BD4AD /* Resources */ = {
			isa = PBXGroup;
			children = (
				72B2503E201F90370058DA8C /* Assets.xcassets */,
				6EB1FA2720203210003BD4AD /* Localizable.strings */,
			);
			path = Resources;
			sourceTree = "<group>";
		};
		6EB1FA2920203349003BD4AD /* Extensions */ = {
			isa = PBXGroup;
			children = (
				6EB1FA2A2020337D003BD4AD /* UIViewController+ModalAlert.swift */,
				6EB1FA2C202044D8003BD4AD /* DefaultsKeys+AppKeys.swift */,
				6EB1FA2E202049DA003BD4AD /* UIView+InspecatbleBorders.swift */,
				72B25096202142350058DA8C /* String+Validation.swift */,
				7214A83F2023DB34004360FD /* Date+Format.swift */,
			);
			path = Extensions;
			sourceTree = "<group>";
		};
		72B2502B201F90370058DA8C = {
			isa = PBXGroup;
			children = (
				72B25036201F90370058DA8C /* NyTimesMovies */,
				72B2504B201F90380058DA8C /* NyTimesMoviesTests */,
				72B25056201F90380058DA8C /* NyTimesMoviesUITests */,
				72B25035201F90370058DA8C /* Products */,
				2D5C77765973B5C633539736 /* Pods */,
				FC1CF9FFB4618BFA5C2CD68A /* Frameworks */,
			);
			sourceTree = "<group>";
		};
		72B25035201F90370058DA8C /* Products */ = {
			isa = PBXGroup;
			children = (
				72B25034201F90370058DA8C /* NyTimesMovies.app */,
				72B25048201F90380058DA8C /* NyTimesMoviesTests.xctest */,
				72B25053201F90380058DA8C /* NyTimesMoviesUITests.xctest */,
			);
			name = Products;
			sourceTree = "<group>";
		};
		72B25036201F90370058DA8C /* NyTimesMovies */ = {
			isa = PBXGroup;
			children = (
				6EB1FA26202031E4003BD4AD /* Resources */,
				72B25072201F9D7B0058DA8C /* Networking */,
				72B25069201F92CA0058DA8C /* Common */,
				72B25068201F92C10058DA8C /* ViewModels */,
				72B25067201F92960058DA8C /* Controllers */,
				72B25066201F928F0058DA8C /* Views */,
				72B25065201F92850058DA8C /* Models */,
				72B25037201F90370058DA8C /* AppDelegate.swift */,
				72B25043201F90370058DA8C /* Info.plist */,
				72B2508E201FEF2E0058DA8C /* GoogleService-Info.plist */,
				72B2508D201FE2070058DA8C /* Reviews-Bridging-Header.h */,
			);
			path = NyTimesMovies;
			sourceTree = "<group>";
		};
		72B2504B201F90380058DA8C /* NyTimesMoviesTests */ = {
			isa = PBXGroup;
			children = (
				72B2504C201F90380058DA8C /* NyTimesMoviesTests.swift */,
				72B2504E201F90380058DA8C /* Info.plist */,
			);
			path = NyTimesMoviesTests;
			sourceTree = "<group>";
		};
		72B25056201F90380058DA8C /* NyTimesMoviesUITests */ = {
			isa = PBXGroup;
			children = (
				72B25057201F90380058DA8C /* NyTimesMoviesUITests.swift */,
				72B25059201F90380058DA8C /* Info.plist */,
			);
			path = NyTimesMoviesUITests;
			sourceTree = "<group>";
		};
		72B25065201F92850058DA8C /* Models */ = {
			isa = PBXGroup;
			children = (
				72B25078201FB3CC0058DA8C /* MovieReview.swift */,
				6EB1FA23202030EC003BD4AD /* Modal.swift */,
			);
			path = Models;
			sourceTree = "<group>";
		};
		72B25066201F928F0058DA8C /* Views */ = {
			isa = PBXGroup;
			children = (
				72B2506A201F96370058DA8C /* Cells */,
				72B2503B201F90370058DA8C /* Main.storyboard */,
				72B25040201F90370058DA8C /* LaunchScreen.storyboard */,
				72B2506E201F9C160058DA8C /* Review.storyboard */,
				72B25070201F9C230058DA8C /* Profile.storyboard */,
			);
			path = Views;
			sourceTree = "<group>";
		};
		72B25067201F92960058DA8C /* Controllers */ = {
			isa = PBXGroup;
			children = (
				72B25080201FC5830058DA8C /* Profile */,
				72B2507F201FC5690058DA8C /* Main+Login */,
				72B2507E201FC55E0058DA8C /* Review */,
				72B2506B201F96420058DA8C /* Cells */,
			);
			path = Controllers;
			sourceTree = "<group>";
		};
		72B25068201F92C10058DA8C /* ViewModels */ = {
			isa = PBXGroup;
			children = (
				72B2507A201FB6400058DA8C /* ReviewViewModel.swift */,
			);
			path = ViewModels;
			sourceTree = "<group>";
		};
		72B25069201F92CA0058DA8C /* Common */ = {
			isa = PBXGroup;
			children = (
				6EB1FA2920203349003BD4AD /* Extensions */,
				72B25090201FF5110058DA8C /* LoginManager.swift */,
				6EB1FA1F202029AF003BD4AD /* FormValidator.swift */,
				6EB1FA212020309D003BD4AD /* AlertManager.swift */,
				72B25092202121B50058DA8C /* CustomError.swift */,
				72B250942021380E0058DA8C /* DateManager.swift */,
			);
			path = Common;
			sourceTree = "<group>";
		};
		72B2506A201F96370058DA8C /* Cells */ = {
			isa = PBXGroup;
			children = (
				72B2506C201F96810058DA8C /* MovieReviewCell.xib */,
			);
			path = Cells;
			sourceTree = "<group>";
		};
		72B2506B201F96420058DA8C /* Cells */ = {
			isa = PBXGroup;
			children = (
				72B25085201FC5FB0058DA8C /* MoviewReviewCell.swift */,
			);
			path = Cells;
			sourceTree = "<group>";
		};
		72B25072201F9D7B0058DA8C /* Networking */ = {
			isa = PBXGroup;
			children = (
				72B25075201F9DB80058DA8C /* Services */,
				72B25073201F9DB20058DA8C /* ApiManager.swift */,
			);
			path = Networking;
			sourceTree = "<group>";
		};
		72B25075201F9DB80058DA8C /* Services */ = {
			isa = PBXGroup;
			children = (
				72B2507C201FBACE0058DA8C /* ParametersSerializer.swift */,
				72B25076201F9DD10058DA8C /* ReviewService.swift */,
			);
			path = Services;
			sourceTree = "<group>";
		};
		72B2507E201FC55E0058DA8C /* Review */ = {
			isa = PBXGroup;
			children = (
				72B25081201FC5AE0058DA8C /* MovieReviewsViewController.swift */,
				72B25083201FC5D00058DA8C /* MovieDetailsViewController.swift */,
			);
			path = Review;
			sourceTree = "<group>";
		};
		72B2507F201FC5690058DA8C /* Main+Login */ = {
			isa = PBXGroup;
			children = (
				72B25087201FC6100058DA8C /* LoginViewController.swift */,
			);
			path = "Main+Login";
			sourceTree = "<group>";
		};
		72B25080201FC5830058DA8C /* Profile */ = {
			isa = PBXGroup;
			children = (
				72B25089201FC61B0058DA8C /* ProfileViewController.swift */,
			);
			path = Profile;
			sourceTree = "<group>";
		};
		FC1CF9FFB4618BFA5C2CD68A /* Frameworks */ = {
			isa = PBXGroup;
			children = (
				6F2EE78B3663106BAAD5DBE0 /* Pods_NyTimesMovies.framework */,
				8EE5901DD7D3ADEF40C3968D /* Pods_NyTimesMoviesTests.framework */,
				B731EAF47645372F2887EAC7 /* Pods_NyTimesMoviesUITests.framework */,
			);
			name = Frameworks;
			sourceTree = "<group>";
		};
/* End PBXGroup section */

/* Begin PBXNativeTarget section */
		72B25033201F90370058DA8C /* NyTimesMovies */ = {
			isa = PBXNativeTarget;
			buildConfigurationList = 72B2505C201F90380058DA8C /* Build configuration list for PBXNativeTarget "NyTimesMovies" */;
			buildPhases = (
				F8ADB3C07D22EAEA7721AD6A /* [CP] Check Pods Manifest.lock */,
				72B25030201F90370058DA8C /* Sources */,
				72B25031201F90370058DA8C /* Frameworks */,
				72B25032201F90370058DA8C /* Resources */,
				6969584171C8C93EF30110B7 /* [CP] Embed Pods Frameworks */,
				97195B369FC5ADB408E75114 /* [CP] Copy Pods Resources */,
			);
			buildRules = (
			);
			dependencies = (
			);
			name = NyTimesMovies;
			productName = NyTimesMovies;
			productReference = 72B25034201F90370058DA8C /* NyTimesMovies.app */;
			productType = "com.apple.product-type.application";
		};
		72B25047201F90380058DA8C /* NyTimesMoviesTests */ = {
			isa = PBXNativeTarget;
			buildConfigurationList = 72B2505F201F90380058DA8C /* Build configuration list for PBXNativeTarget "NyTimesMoviesTests" */;
			buildPhases = (
				26EF45DDC8FFE1E3C0DCB90A /* [CP] Check Pods Manifest.lock */,
				72B25044201F90380058DA8C /* Sources */,
				72B25045201F90380058DA8C /* Frameworks */,
				72B25046201F90380058DA8C /* Resources */,
				6019E00F09EFC63BEB48340A /* [CP] Embed Pods Frameworks */,
				CEC60483F6E551A0FA122D77 /* [CP] Copy Pods Resources */,
			);
			buildRules = (
			);
			dependencies = (
				72B2504A201F90380058DA8C /* PBXTargetDependency */,
			);
			name = NyTimesMoviesTests;
			productName = NyTimesMoviesTests;
			productReference = 72B25048201F90380058DA8C /* NyTimesMoviesTests.xctest */;
			productType = "com.apple.product-type.bundle.unit-test";
		};
		72B25052201F90380058DA8C /* NyTimesMoviesUITests */ = {
			isa = PBXNativeTarget;
			buildConfigurationList = 72B25062201F90380058DA8C /* Build configuration list for PBXNativeTarget "NyTimesMoviesUITests" */;
			buildPhases = (
				895E414AF543C8F108799EE2 /* [CP] Check Pods Manifest.lock */,
				72B2504F201F90380058DA8C /* Sources */,
				72B25050201F90380058DA8C /* Frameworks */,
				72B25051201F90380058DA8C /* Resources */,
				A2C8725558BC2304AAE6ED3D /* [CP] Embed Pods Frameworks */,
				D9DA9FB9C58DDD6820A55517 /* [CP] Copy Pods Resources */,
			);
			buildRules = (
			);
			dependencies = (
				72B25055201F90380058DA8C /* PBXTargetDependency */,
			);
			name = NyTimesMoviesUITests;
			productName = NyTimesMoviesUITests;
			productReference = 72B25053201F90380058DA8C /* NyTimesMoviesUITests.xctest */;
			productType = "com.apple.product-type.bundle.ui-testing";
		};
/* End PBXNativeTarget section */

/* Begin PBXProject section */
		72B2502C201F90370058DA8C /* Project object */ = {
			isa = PBXProject;
			attributes = {
				LastSwiftUpdateCheck = 0920;
				LastUpgradeCheck = 0920;
				ORGANIZATIONNAME = nearsoft;
				TargetAttributes = {
					72B25033201F90370058DA8C = {
						CreatedOnToolsVersion = 9.2;
						ProvisioningStyle = Automatic;
					};
					72B25047201F90380058DA8C = {
						CreatedOnToolsVersion = 9.2;
						ProvisioningStyle = Automatic;
						TestTargetID = 72B25033201F90370058DA8C;
					};
					72B25052201F90380058DA8C = {
						CreatedOnToolsVersion = 9.2;
						ProvisioningStyle = Automatic;
						TestTargetID = 72B25033201F90370058DA8C;
					};
				};
			};
			buildConfigurationList = 72B2502F201F90370058DA8C /* Build configuration list for PBXProject "NyTimesMovies" */;
			compatibilityVersion = "Xcode 8.0";
			developmentRegion = en;
			hasScannedForEncodings = 0;
			knownRegions = (
				en,
				Base,
			);
			mainGroup = 72B2502B201F90370058DA8C;
			productRefGroup = 72B25035201F90370058DA8C /* Products */;
			projectDirPath = "";
			projectRoot = "";
			targets = (
				72B25033201F90370058DA8C /* NyTimesMovies */,
				72B25047201F90380058DA8C /* NyTimesMoviesTests */,
				72B25052201F90380058DA8C /* NyTimesMoviesUITests */,
			);
		};
/* End PBXProject section */

/* Begin PBXResourcesBuildPhase section */
		72B25032201F90370058DA8C /* Resources */ = {
			isa = PBXResourcesBuildPhase;
			buildActionMask = 2147483647;
			files = (
				72B25071201F9C230058DA8C /* Profile.storyboard in Resources */,
				72B25042201F90370058DA8C /* LaunchScreen.storyboard in Resources */,
				72B2506F201F9C170058DA8C /* Review.storyboard in Resources */,
				72B2503F201F90370058DA8C /* Assets.xcassets in Resources */,
				72B2506D201F96810058DA8C /* MovieReviewCell.xib in Resources */,
				6EB1FA2820203210003BD4AD /* Localizable.strings in Resources */,
				72B2503D201F90370058DA8C /* Main.storyboard in Resources */,
				72B2508F201FEF2E0058DA8C /* GoogleService-Info.plist in Resources */,
			);
			runOnlyForDeploymentPostprocessing = 0;
		};
		72B25046201F90380058DA8C /* Resources */ = {
			isa = PBXResourcesBuildPhase;
			buildActionMask = 2147483647;
			files = (
			);
			runOnlyForDeploymentPostprocessing = 0;
		};
		72B25051201F90380058DA8C /* Resources */ = {
			isa = PBXResourcesBuildPhase;
			buildActionMask = 2147483647;
			files = (
			);
			runOnlyForDeploymentPostprocessing = 0;
		};
/* End PBXResourcesBuildPhase section */

/* Begin PBXShellScriptBuildPhase section */
		26EF45DDC8FFE1E3C0DCB90A /* [CP] Check Pods Manifest.lock */ = {
			isa = PBXShellScriptBuildPhase;
			buildActionMask = 2147483647;
			files = (
			);
			inputPaths = (
				"${PODS_PODFILE_DIR_PATH}/Podfile.lock",
				"${PODS_ROOT}/Manifest.lock",
			);
			name = "[CP] Check Pods Manifest.lock";
			outputPaths = (
				"$(DERIVED_FILE_DIR)/Pods-NyTimesMoviesTests-checkManifestLockResult.txt",
			);
			runOnlyForDeploymentPostprocessing = 0;
			shellPath = /bin/sh;
			shellScript = "diff \"${PODS_PODFILE_DIR_PATH}/Podfile.lock\" \"${PODS_ROOT}/Manifest.lock\" > /dev/null\nif [ $? != 0 ] ; then\n    # print error to STDERR\n    echo \"error: The sandbox is not in sync with the Podfile.lock. Run 'pod install' or update your CocoaPods installation.\" >&2\n    exit 1\nfi\n# This output is used by Xcode 'outputs' to avoid re-running this script phase.\necho \"SUCCESS\" > \"${SCRIPT_OUTPUT_FILE_0}\"\n";
			showEnvVarsInLog = 0;
		};
		6019E00F09EFC63BEB48340A /* [CP] Embed Pods Frameworks */ = {
			isa = PBXShellScriptBuildPhase;
			buildActionMask = 2147483647;
			files = (
			);
			inputPaths = (
			);
			name = "[CP] Embed Pods Frameworks";
			outputPaths = (
			);
			runOnlyForDeploymentPostprocessing = 0;
			shellPath = /bin/sh;
			shellScript = "\"${SRCROOT}/Pods/Target Support Files/Pods-NyTimesMoviesTests/Pods-NyTimesMoviesTests-frameworks.sh\"\n";
			showEnvVarsInLog = 0;
		};
		6969584171C8C93EF30110B7 /* [CP] Embed Pods Frameworks */ = {
			isa = PBXShellScriptBuildPhase;
			buildActionMask = 2147483647;
			files = (
			);
			inputPaths = (
				"${SRCROOT}/Pods/Target Support Files/Pods-NyTimesMovies/Pods-NyTimesMovies-frameworks.sh",
				"${BUILT_PRODUCTS_DIR}/Alamofire/Alamofire.framework",
				"${BUILT_PRODUCTS_DIR}/GTMOAuth2/GTMOAuth2.framework",
				"${BUILT_PRODUCTS_DIR}/GTMSessionFetcher/GTMSessionFetcher.framework",
				"${BUILT_PRODUCTS_DIR}/GoogleToolboxForMac/GoogleToolboxForMac.framework",
				"${BUILT_PRODUCTS_DIR}/IQKeyboardManagerSwift/IQKeyboardManagerSwift.framework",
				"${BUILT_PRODUCTS_DIR}/Kingfisher/Kingfisher.framework",
				"${BUILT_PRODUCTS_DIR}/SwiftyJSON/SwiftyJSON.framework",
				"${BUILT_PRODUCTS_DIR}/SwiftyUserDefaults/SwiftyUserDefaults.framework",
			);
			name = "[CP] Embed Pods Frameworks";
			outputPaths = (
				"${TARGET_BUILD_DIR}/${FRAMEWORKS_FOLDER_PATH}/Alamofire.framework",
				"${TARGET_BUILD_DIR}/${FRAMEWORKS_FOLDER_PATH}/GTMOAuth2.framework",
				"${TARGET_BUILD_DIR}/${FRAMEWORKS_FOLDER_PATH}/GTMSessionFetcher.framework",
				"${TARGET_BUILD_DIR}/${FRAMEWORKS_FOLDER_PATH}/GoogleToolboxForMac.framework",
				"${TARGET_BUILD_DIR}/${FRAMEWORKS_FOLDER_PATH}/IQKeyboardManagerSwift.framework",
				"${TARGET_BUILD_DIR}/${FRAMEWORKS_FOLDER_PATH}/Kingfisher.framework",
				"${TARGET_BUILD_DIR}/${FRAMEWORKS_FOLDER_PATH}/SwiftyJSON.framework",
				"${TARGET_BUILD_DIR}/${FRAMEWORKS_FOLDER_PATH}/SwiftyUserDefaults.framework",
			);
			runOnlyForDeploymentPostprocessing = 0;
			shellPath = /bin/sh;
			shellScript = "\"${SRCROOT}/Pods/Target Support Files/Pods-NyTimesMovies/Pods-NyTimesMovies-frameworks.sh\"\n";
			showEnvVarsInLog = 0;
		};
		895E414AF543C8F108799EE2 /* [CP] Check Pods Manifest.lock */ = {
			isa = PBXShellScriptBuildPhase;
			buildActionMask = 2147483647;
			files = (
			);
			inputPaths = (
				"${PODS_PODFILE_DIR_PATH}/Podfile.lock",
				"${PODS_ROOT}/Manifest.lock",
			);
			name = "[CP] Check Pods Manifest.lock";
			outputPaths = (
				"$(DERIVED_FILE_DIR)/Pods-NyTimesMoviesUITests-checkManifestLockResult.txt",
			);
			runOnlyForDeploymentPostprocessing = 0;
			shellPath = /bin/sh;
			shellScript = "diff \"${PODS_PODFILE_DIR_PATH}/Podfile.lock\" \"${PODS_ROOT}/Manifest.lock\" > /dev/null\nif [ $? != 0 ] ; then\n    # print error to STDERR\n    echo \"error: The sandbox is not in sync with the Podfile.lock. Run 'pod install' or update your CocoaPods installation.\" >&2\n    exit 1\nfi\n# This output is used by Xcode 'outputs' to avoid re-running this script phase.\necho \"SUCCESS\" > \"${SCRIPT_OUTPUT_FILE_0}\"\n";
			showEnvVarsInLog = 0;
		};
		97195B369FC5ADB408E75114 /* [CP] Copy Pods Resources */ = {
			isa = PBXShellScriptBuildPhase;
			buildActionMask = 2147483647;
			files = (
			);
			inputPaths = (
				"${SRCROOT}/Pods/Target Support Files/Pods-NyTimesMovies/Pods-NyTimesMovies-resources.sh",
				"${PODS_ROOT}/GoogleSignIn/Resources/GoogleSignIn.bundle",
			);
			name = "[CP] Copy Pods Resources";
			outputPaths = (
				"${TARGET_BUILD_DIR}/${UNLOCALIZED_RESOURCES_FOLDER_PATH}/GoogleSignIn.bundle",
			);
			runOnlyForDeploymentPostprocessing = 0;
			shellPath = /bin/sh;
			shellScript = "\"${SRCROOT}/Pods/Target Support Files/Pods-NyTimesMovies/Pods-NyTimesMovies-resources.sh\"\n";
			showEnvVarsInLog = 0;
		};
		A2C8725558BC2304AAE6ED3D /* [CP] Embed Pods Frameworks */ = {
			isa = PBXShellScriptBuildPhase;
			buildActionMask = 2147483647;
			files = (
			);
			inputPaths = (
			);
			name = "[CP] Embed Pods Frameworks";
			outputPaths = (
			);
			runOnlyForDeploymentPostprocessing = 0;
			shellPath = /bin/sh;
			shellScript = "\"${SRCROOT}/Pods/Target Support Files/Pods-NyTimesMoviesUITests/Pods-NyTimesMoviesUITests-frameworks.sh\"\n";
			showEnvVarsInLog = 0;
		};
		CEC60483F6E551A0FA122D77 /* [CP] Copy Pods Resources */ = {
			isa = PBXShellScriptBuildPhase;
			buildActionMask = 2147483647;
			files = (
			);
			inputPaths = (
			);
			name = "[CP] Copy Pods Resources";
			outputPaths = (
			);
			runOnlyForDeploymentPostprocessing = 0;
			shellPath = /bin/sh;
			shellScript = "\"${SRCROOT}/Pods/Target Support Files/Pods-NyTimesMoviesTests/Pods-NyTimesMoviesTests-resources.sh\"\n";
			showEnvVarsInLog = 0;
		};
		D9DA9FB9C58DDD6820A55517 /* [CP] Copy Pods Resources */ = {
			isa = PBXShellScriptBuildPhase;
			buildActionMask = 2147483647;
			files = (
			);
			inputPaths = (
			);
			name = "[CP] Copy Pods Resources";
			outputPaths = (
			);
			runOnlyForDeploymentPostprocessing = 0;
			shellPath = /bin/sh;
			shellScript = "\"${SRCROOT}/Pods/Target Support Files/Pods-NyTimesMoviesUITests/Pods-NyTimesMoviesUITests-resources.sh\"\n";
			showEnvVarsInLog = 0;
		};
		F8ADB3C07D22EAEA7721AD6A /* [CP] Check Pods Manifest.lock */ = {
			isa = PBXShellScriptBuildPhase;
			buildActionMask = 2147483647;
			files = (
			);
			inputPaths = (
				"${PODS_PODFILE_DIR_PATH}/Podfile.lock",
				"${PODS_ROOT}/Manifest.lock",
			);
			name = "[CP] Check Pods Manifest.lock";
			outputPaths = (
				"$(DERIVED_FILE_DIR)/Pods-NyTimesMovies-checkManifestLockResult.txt",
			);
			runOnlyForDeploymentPostprocessing = 0;
			shellPath = /bin/sh;
			shellScript = "diff \"${PODS_PODFILE_DIR_PATH}/Podfile.lock\" \"${PODS_ROOT}/Manifest.lock\" > /dev/null\nif [ $? != 0 ] ; then\n    # print error to STDERR\n    echo \"error: The sandbox is not in sync with the Podfile.lock. Run 'pod install' or update your CocoaPods installation.\" >&2\n    exit 1\nfi\n# This output is used by Xcode 'outputs' to avoid re-running this script phase.\necho \"SUCCESS\" > \"${SCRIPT_OUTPUT_FILE_0}\"\n";
			showEnvVarsInLog = 0;
		};
/* End PBXShellScriptBuildPhase section */

/* Begin PBXSourcesBuildPhase section */
		72B25030201F90370058DA8C /* Sources */ = {
			isa = PBXSourcesBuildPhase;
			buildActionMask = 2147483647;
			files = (
				6EB1FA2B2020337D003BD4AD /* UIViewController+ModalAlert.swift in Sources */,
				72B250952021380E0058DA8C /* DateManager.swift in Sources */,
				6EB1FA20202029AF003BD4AD /* FormValidator.swift in Sources */,
				6EB1FA222020309D003BD4AD /* AlertManager.swift in Sources */,
				6EB1FA24202030EC003BD4AD /* Modal.swift in Sources */,
				72B25079201FB3CC0058DA8C /* MovieReview.swift in Sources */,
				7214A8402023DB34004360FD /* Date+Format.swift in Sources */,
				72B25097202142350058DA8C /* String+Validation.swift in Sources */,
				72B25084201FC5D00058DA8C /* MovieDetailsViewController.swift in Sources */,
				72B2507D201FBACE0058DA8C /* ParametersSerializer.swift in Sources */,
				72B25093202121B50058DA8C /* CustomError.swift in Sources */,
				72B25077201F9DD10058DA8C /* ReviewService.swift in Sources */,
				72B25091201FF5110058DA8C /* LoginManager.swift in Sources */,
				72B25074201F9DB20058DA8C /* ApiManager.swift in Sources */,
				72B2508A201FC61B0058DA8C /* ProfileViewController.swift in Sources */,
				6EB1FA2D202044D8003BD4AD /* DefaultsKeys+AppKeys.swift in Sources */,
				6EB1FA2F202049DA003BD4AD /* UIView+InspecatbleBorders.swift in Sources */,
				72B25086201FC5FB0058DA8C /* MoviewReviewCell.swift in Sources */,
				72B2507B201FB6400058DA8C /* ReviewViewModel.swift in Sources */,
				72B25082201FC5AE0058DA8C /* MovieReviewsViewController.swift in Sources */,
				72B25038201F90370058DA8C /* AppDelegate.swift in Sources */,
				72B25088201FC6100058DA8C /* LoginViewController.swift in Sources */,
			);
			runOnlyForDeploymentPostprocessing = 0;
		};
		72B25044201F90380058DA8C /* Sources */ = {
			isa = PBXSourcesBuildPhase;
			buildActionMask = 2147483647;
			files = (
				72B2504D201F90380058DA8C /* NyTimesMoviesTests.swift in Sources */,
			);
			runOnlyForDeploymentPostprocessing = 0;
		};
		72B2504F201F90380058DA8C /* Sources */ = {
			isa = PBXSourcesBuildPhase;
			buildActionMask = 2147483647;
			files = (
				72B25058201F90380058DA8C /* NyTimesMoviesUITests.swift in Sources */,
			);
			runOnlyForDeploymentPostprocessing = 0;
		};
/* End PBXSourcesBuildPhase section */

/* Begin PBXTargetDependency section */
		72B2504A201F90380058DA8C /* PBXTargetDependency */ = {
			isa = PBXTargetDependency;
			target = 72B25033201F90370058DA8C /* NyTimesMovies */;
			targetProxy = 72B25049201F90380058DA8C /* PBXContainerItemProxy */;
		};
		72B25055201F90380058DA8C /* PBXTargetDependency */ = {
			isa = PBXTargetDependency;
			target = 72B25033201F90370058DA8C /* NyTimesMovies */;
			targetProxy = 72B25054201F90380058DA8C /* PBXContainerItemProxy */;
		};
/* End PBXTargetDependency section */

/* Begin PBXVariantGroup section */
		72B2503B201F90370058DA8C /* Main.storyboard */ = {
			isa = PBXVariantGroup;
			children = (
				72B2503C201F90370058DA8C /* Base */,
			);
			name = Main.storyboard;
			sourceTree = "<group>";
		};
		72B25040201F90370058DA8C /* LaunchScreen.storyboard */ = {
			isa = PBXVariantGroup;
			children = (
				72B25041201F90370058DA8C /* Base */,
			);
			name = LaunchScreen.storyboard;
			sourceTree = "<group>";
		};
/* End PBXVariantGroup section */

/* Begin XCBuildConfiguration section */
		72B2505A201F90380058DA8C /* Debug */ = {
			isa = XCBuildConfiguration;
			buildSettings = {
				ALWAYS_SEARCH_USER_PATHS = NO;
				CLANG_ANALYZER_NONNULL = YES;
				CLANG_ANALYZER_NUMBER_OBJECT_CONVERSION = YES_AGGRESSIVE;
				CLANG_CXX_LANGUAGE_STANDARD = "gnu++14";
				CLANG_CXX_LIBRARY = "libc++";
				CLANG_ENABLE_MODULES = YES;
				CLANG_ENABLE_OBJC_ARC = YES;
				CLANG_WARN_BLOCK_CAPTURE_AUTORELEASING = YES;
				CLANG_WARN_BOOL_CONVERSION = YES;
				CLANG_WARN_COMMA = YES;
				CLANG_WARN_CONSTANT_CONVERSION = YES;
				CLANG_WARN_DIRECT_OBJC_ISA_USAGE = YES_ERROR;
				CLANG_WARN_DOCUMENTATION_COMMENTS = YES;
				CLANG_WARN_EMPTY_BODY = YES;
				CLANG_WARN_ENUM_CONVERSION = YES;
				CLANG_WARN_INFINITE_RECURSION = YES;
				CLANG_WARN_INT_CONVERSION = YES;
				CLANG_WARN_NON_LITERAL_NULL_CONVERSION = YES;
				CLANG_WARN_OBJC_LITERAL_CONVERSION = YES;
				CLANG_WARN_OBJC_ROOT_CLASS = YES_ERROR;
				CLANG_WARN_RANGE_LOOP_ANALYSIS = YES;
				CLANG_WARN_STRICT_PROTOTYPES = YES;
				CLANG_WARN_SUSPICIOUS_MOVE = YES;
				CLANG_WARN_UNGUARDED_AVAILABILITY = YES_AGGRESSIVE;
				CLANG_WARN_UNREACHABLE_CODE = YES;
				CLANG_WARN__DUPLICATE_METHOD_MATCH = YES;
				CODE_SIGN_IDENTITY = "iPhone Developer";
				COPY_PHASE_STRIP = NO;
				DEBUG_INFORMATION_FORMAT = dwarf;
				ENABLE_STRICT_OBJC_MSGSEND = YES;
				ENABLE_TESTABILITY = YES;
				GCC_C_LANGUAGE_STANDARD = gnu11;
				GCC_DYNAMIC_NO_PIC = NO;
				GCC_NO_COMMON_BLOCKS = YES;
				GCC_OPTIMIZATION_LEVEL = 0;
				GCC_PREPROCESSOR_DEFINITIONS = (
					"DEBUG=1",
					"$(inherited)",
				);
				GCC_WARN_64_TO_32_BIT_CONVERSION = YES;
				GCC_WARN_ABOUT_RETURN_TYPE = YES_ERROR;
				GCC_WARN_UNDECLARED_SELECTOR = YES;
				GCC_WARN_UNINITIALIZED_AUTOS = YES_AGGRESSIVE;
				GCC_WARN_UNUSED_FUNCTION = YES;
				GCC_WARN_UNUSED_VARIABLE = YES;
				IPHONEOS_DEPLOYMENT_TARGET = 11.2;
				MTL_ENABLE_DEBUG_INFO = YES;
				ONLY_ACTIVE_ARCH = YES;
				SDKROOT = iphoneos;
				SWIFT_ACTIVE_COMPILATION_CONDITIONS = DEBUG;
				SWIFT_OPTIMIZATION_LEVEL = "-Onone";
			};
			name = Debug;
		};
		72B2505B201F90380058DA8C /* Release */ = {
			isa = XCBuildConfiguration;
			buildSettings = {
				ALWAYS_SEARCH_USER_PATHS = NO;
				CLANG_ANALYZER_NONNULL = YES;
				CLANG_ANALYZER_NUMBER_OBJECT_CONVERSION = YES_AGGRESSIVE;
				CLANG_CXX_LANGUAGE_STANDARD = "gnu++14";
				CLANG_CXX_LIBRARY = "libc++";
				CLANG_ENABLE_MODULES = YES;
				CLANG_ENABLE_OBJC_ARC = YES;
				CLANG_WARN_BLOCK_CAPTURE_AUTORELEASING = YES;
				CLANG_WARN_BOOL_CONVERSION = YES;
				CLANG_WARN_COMMA = YES;
				CLANG_WARN_CONSTANT_CONVERSION = YES;
				CLANG_WARN_DIRECT_OBJC_ISA_USAGE = YES_ERROR;
				CLANG_WARN_DOCUMENTATION_COMMENTS = YES;
				CLANG_WARN_EMPTY_BODY = YES;
				CLANG_WARN_ENUM_CONVERSION = YES;
				CLANG_WARN_INFINITE_RECURSION = YES;
				CLANG_WARN_INT_CONVERSION = YES;
				CLANG_WARN_NON_LITERAL_NULL_CONVERSION = YES;
				CLANG_WARN_OBJC_LITERAL_CONVERSION = YES;
				CLANG_WARN_OBJC_ROOT_CLASS = YES_ERROR;
				CLANG_WARN_RANGE_LOOP_ANALYSIS = YES;
				CLANG_WARN_STRICT_PROTOTYPES = YES;
				CLANG_WARN_SUSPICIOUS_MOVE = YES;
				CLANG_WARN_UNGUARDED_AVAILABILITY = YES_AGGRESSIVE;
				CLANG_WARN_UNREACHABLE_CODE = YES;
				CLANG_WARN__DUPLICATE_METHOD_MATCH = YES;
				CODE_SIGN_IDENTITY = "iPhone Developer";
				COPY_PHASE_STRIP = NO;
				DEBUG_INFORMATION_FORMAT = "dwarf-with-dsym";
				ENABLE_NS_ASSERTIONS = NO;
				ENABLE_STRICT_OBJC_MSGSEND = YES;
				GCC_C_LANGUAGE_STANDARD = gnu11;
				GCC_NO_COMMON_BLOCKS = YES;
				GCC_WARN_64_TO_32_BIT_CONVERSION = YES;
				GCC_WARN_ABOUT_RETURN_TYPE = YES_ERROR;
				GCC_WARN_UNDECLARED_SELECTOR = YES;
				GCC_WARN_UNINITIALIZED_AUTOS = YES_AGGRESSIVE;
				GCC_WARN_UNUSED_FUNCTION = YES;
				GCC_WARN_UNUSED_VARIABLE = YES;
				IPHONEOS_DEPLOYMENT_TARGET = 11.2;
				MTL_ENABLE_DEBUG_INFO = NO;
				SDKROOT = iphoneos;
				SWIFT_OPTIMIZATION_LEVEL = "-Owholemodule";
				VALIDATE_PRODUCT = YES;
			};
			name = Release;
		};
		72B2505D201F90380058DA8C /* Debug */ = {
			isa = XCBuildConfiguration;
			baseConfigurationReference = 34FDF23653DD7862B05C437E /* Pods-NyTimesMovies.debug.xcconfig */;
			buildSettings = {
				ASSETCATALOG_COMPILER_APPICON_NAME = AppIcon;
				CODE_SIGN_STYLE = Automatic;
				DEVELOPMENT_TEAM = SE4R93BJFB;
				INFOPLIST_FILE = NyTimesMovies/Info.plist;
				LD_RUNPATH_SEARCH_PATHS = "$(inherited) @executable_path/Frameworks";
				PRODUCT_BUNDLE_IDENTIFIER = com.nearsoft.NyTimesMovies;
				PRODUCT_NAME = "$(TARGET_NAME)";
				SWIFT_VERSION = 4.0;
				TARGETED_DEVICE_FAMILY = "1,2";
			};
			name = Debug;
		};
		72B2505E201F90380058DA8C /* Release */ = {
			isa = XCBuildConfiguration;
			baseConfigurationReference = 495D7B83161A9A6216A20060 /* Pods-NyTimesMovies.release.xcconfig */;
			buildSettings = {
				ASSETCATALOG_COMPILER_APPICON_NAME = AppIcon;
				CODE_SIGN_STYLE = Automatic;
				DEVELOPMENT_TEAM = SE4R93BJFB;
				INFOPLIST_FILE = NyTimesMovies/Info.plist;
				LD_RUNPATH_SEARCH_PATHS = "$(inherited) @executable_path/Frameworks";
				PRODUCT_BUNDLE_IDENTIFIER = com.nearsoft.NyTimesMovies;
				PRODUCT_NAME = "$(TARGET_NAME)";
				SWIFT_VERSION = 4.0;
				TARGETED_DEVICE_FAMILY = "1,2";
			};
			name = Release;
		};
		72B25060201F90380058DA8C /* Debug */ = {
			isa = XCBuildConfiguration;
			baseConfigurationReference = DEA88E2308FCE7343991B446 /* Pods-NyTimesMoviesTests.debug.xcconfig */;
			buildSettings = {
				ALWAYS_EMBED_SWIFT_STANDARD_LIBRARIES = YES;
				BUNDLE_LOADER = "$(TEST_HOST)";
				CODE_SIGN_STYLE = Automatic;
				INFOPLIST_FILE = NyTimesMoviesTests/Info.plist;
				LD_RUNPATH_SEARCH_PATHS = "$(inherited) @executable_path/Frameworks @loader_path/Frameworks";
				PRODUCT_BUNDLE_IDENTIFIER = com.nearsoft.NyTimesMoviesTests;
				PRODUCT_NAME = "$(TARGET_NAME)";
				SWIFT_VERSION = 4.0;
				TARGETED_DEVICE_FAMILY = "1,2";
				TEST_HOST = "$(BUILT_PRODUCTS_DIR)/NyTimesMovies.app/NyTimesMovies";
			};
			name = Debug;
		};
		72B25061201F90380058DA8C /* Release */ = {
			isa = XCBuildConfiguration;
			baseConfigurationReference = A73D42F60078BC987BF50A7E /* Pods-NyTimesMoviesTests.release.xcconfig */;
			buildSettings = {
				ALWAYS_EMBED_SWIFT_STANDARD_LIBRARIES = YES;
				BUNDLE_LOADER = "$(TEST_HOST)";
				CODE_SIGN_STYLE = Automatic;
				INFOPLIST_FILE = NyTimesMoviesTests/Info.plist;
				LD_RUNPATH_SEARCH_PATHS = "$(inherited) @executable_path/Frameworks @loader_path/Frameworks";
				PRODUCT_BUNDLE_IDENTIFIER = com.nearsoft.NyTimesMoviesTests;
				PRODUCT_NAME = "$(TARGET_NAME)";
				SWIFT_VERSION = 4.0;
				TARGETED_DEVICE_FAMILY = "1,2";
				TEST_HOST = "$(BUILT_PRODUCTS_DIR)/NyTimesMovies.app/NyTimesMovies";
			};
			name = Release;
		};
		72B25063201F90380058DA8C /* Debug */ = {
			isa = XCBuildConfiguration;
			baseConfigurationReference = 787FF486358F57563535AADC /* Pods-NyTimesMoviesUITests.debug.xcconfig */;
			buildSettings = {
				ALWAYS_EMBED_SWIFT_STANDARD_LIBRARIES = YES;
				CODE_SIGN_STYLE = Automatic;
				INFOPLIST_FILE = NyTimesMoviesUITests/Info.plist;
				LD_RUNPATH_SEARCH_PATHS = "$(inherited) @executable_path/Frameworks @loader_path/Frameworks";
				PRODUCT_BUNDLE_IDENTIFIER = com.nearsoft.NyTimesMoviesUITests;
				PRODUCT_NAME = "$(TARGET_NAME)";
				SWIFT_VERSION = 4.0;
				TARGETED_DEVICE_FAMILY = "1,2";
				TEST_TARGET_NAME = NyTimesMovies;
			};
			name = Debug;
		};
		72B25064201F90380058DA8C /* Release */ = {
			isa = XCBuildConfiguration;
			baseConfigurationReference = B949DEB117416A05D765BBD8 /* Pods-NyTimesMoviesUITests.release.xcconfig */;
			buildSettings = {
				ALWAYS_EMBED_SWIFT_STANDARD_LIBRARIES = YES;
				CODE_SIGN_STYLE = Automatic;
				INFOPLIST_FILE = NyTimesMoviesUITests/Info.plist;
				LD_RUNPATH_SEARCH_PATHS = "$(inherited) @executable_path/Frameworks @loader_path/Frameworks";
				PRODUCT_BUNDLE_IDENTIFIER = com.nearsoft.NyTimesMoviesUITests;
				PRODUCT_NAME = "$(TARGET_NAME)";
				SWIFT_VERSION = 4.0;
				TARGETED_DEVICE_FAMILY = "1,2";
				TEST_TARGET_NAME = NyTimesMovies;
			};
			name = Release;
		};
/* End XCBuildConfiguration section */

/* Begin XCConfigurationList section */
		72B2502F201F90370058DA8C /* Build configuration list for PBXProject "NyTimesMovies" */ = {
			isa = XCConfigurationList;
			buildConfigurations = (
				72B2505A201F90380058DA8C /* Debug */,
				72B2505B201F90380058DA8C /* Release */,
			);
			defaultConfigurationIsVisible = 0;
			defaultConfigurationName = Release;
		};
		72B2505C201F90380058DA8C /* Build configuration list for PBXNativeTarget "NyTimesMovies" */ = {
			isa = XCConfigurationList;
			buildConfigurations = (
				72B2505D201F90380058DA8C /* Debug */,
				72B2505E201F90380058DA8C /* Release */,
			);
			defaultConfigurationIsVisible = 0;
			defaultConfigurationName = Release;
		};
		72B2505F201F90380058DA8C /* Build configuration list for PBXNativeTarget "NyTimesMoviesTests" */ = {
			isa = XCConfigurationList;
			buildConfigurations = (
				72B25060201F90380058DA8C /* Debug */,
				72B25061201F90380058DA8C /* Release */,
			);
			defaultConfigurationIsVisible = 0;
			defaultConfigurationName = Release;
		};
		72B25062201F90380058DA8C /* Build configuration list for PBXNativeTarget "NyTimesMoviesUITests" */ = {
			isa = XCConfigurationList;
			buildConfigurations = (
				72B25063201F90380058DA8C /* Debug */,
				72B25064201F90380058DA8C /* Release */,
			);
			defaultConfigurationIsVisible = 0;
			defaultConfigurationName = Release;
		};
/* End XCConfigurationList section */
	};
	rootObject = 72B2502C201F90370058DA8C /* Project object */;
}
